
Microsoft Visual Studio Solution File, Format Version 12.00
# Visual Studio Version 16
VisualStudioVersion = 16.0.30804.86
MinimumVisualStudioVersion = 10.0.40219.1
Project("{FAE04EC0-301F-11D3-BF4B-00C04F79EFBC}") = "DSA", "DSA\DSA.csproj", "{189AAED6-BCA1-4DBE-9882-76BC61FBE85C}"
EndProject
Global
	GlobalSection(SolutionConfigurationPlatforms) = preSolution
		Debug|Any CPU = Debug|Any CPU
		Release|Any CPU = Release|Any CPU
	EndGlobalSection
	GlobalSection(ProjectConfigurationPlatforms) = postSolution
		{189AAED6-BCA1-4DBE-9882-76BC61FBE85C}.Debug|Any CPU.ActiveCfg = Debug|Any CPU
		{189AAED6-BCA1-4DBE-9882-76BC61FBE85C}.Debug|Any CPU.Build.0 = Debug|Any CPU
		{189AAED6-BCA1-4DBE-9882-76BC61FBE85C}.Release|Any CPU.ActiveCfg = Release|Any CPU
		{189AAED6-BCA1-4DBE-9882-76BC61FBE85C}.Release|Any CPU.Build.0 = Release|Any CPU
	EndGlobalSection
	GlobalSection(SolutionProperties) = preSolution
		HideSolutionNode = FALSE
	EndGlobalSection
	GlobalSection(ExtensibilityGlobals) = postSolution
		SolutionGuid = {F462AD4F-F766-4750-A61D-7D4F3B487E6C}
	EndGlobalSection
EndGlobal
